
Microsoft Visual Studio Solution File, Format Version 12.00
# Visual Studio 15
Project("{FAE04EC0-301F-11D3-BF4B-00C04F79EFBC}") = "InfiniteArtGallery", "Assembly-CSharp-firstpass.csproj", "{C5821927-F14E-5384-A253-ADC04384ECF0}"
EndProject
Project("{FAE04EC0-301F-11D3-BF4B-00C04F79EFBC}") = "InfiniteArtGallery", "Assembly-CSharp-Editor-firstpass.csproj", "{A9B753FE-9D01-2EF5-2F94-5247372A19BE}"
EndProject
Global
	GlobalSection(SolutionConfigurationPlatforms) = preSolution
		Debug|Any CPU = Debug|Any CPU
		Release|Any CPU = Release|Any CPU
	EndGlobalSection
	GlobalSection(ProjectConfigurationPlatforms) = postSolution
		{C5821927-F14E-5384-A253-ADC04384ECF0}.Debug|Any CPU.ActiveCfg = Debug|Any CPU
		{C5821927-F14E-5384-A253-ADC04384ECF0}.Debug|Any CPU.Build.0 = Debug|Any CPU
		{C5821927-F14E-5384-A253-ADC04384ECF0}.Release|Any CPU.ActiveCfg = Release|Any CPU
		{C5821927-F14E-5384-A253-ADC04384ECF0}.Release|Any CPU.Build.0 = Release|Any CPU
		{A9B753FE-9D01-2EF5-2F94-5247372A19BE}.Debug|Any CPU.ActiveCfg = Debug|Any CPU
		{A9B753FE-9D01-2EF5-2F94-5247372A19BE}.Debug|Any CPU.Build.0 = Debug|Any CPU
		{A9B753FE-9D01-2EF5-2F94-5247372A19BE}.Release|Any CPU.ActiveCfg = Release|Any CPU
		{A9B753FE-9D01-2EF5-2F94-5247372A19BE}.Release|Any CPU.Build.0 = Release|Any CPU
	EndGlobalSection
	GlobalSection(SolutionProperties) = preSolution
		HideSolutionNode = FALSE
	EndGlobalSection
EndGlobal
